
Microsoft Visual Studio Solution File, Format Version 12.00
# Visual Studio Version 16
VisualStudioVersion = 16.0.30611.23
MinimumVisualStudioVersion = 10.0.40219.1
Project("{FAE04EC0-301F-11D3-BF4B-00C04F79EFBC}") = "invoice", "invoice\invoice.csproj", "{2B5EC0BE-F8DF-41AE-A869-6FFB94F7469C}"
EndProject
Global
	GlobalSection(SolutionConfigurationPlatforms) = preSolution
		Debug|Any CPU = Debug|Any CPU
		Release|Any CPU = Release|Any CPU
	EndGlobalSection
	GlobalSection(ProjectConfigurationPlatforms) = postSolution
		{2B5EC0BE-F8DF-41AE-A869-6FFB94F7469C}.Debug|Any CPU.ActiveCfg = Debug|Any CPU
		{2B5EC0BE-F8DF-41AE-A869-6FFB94F7469C}.Debug|Any CPU.Build.0 = Debug|Any CPU
		{2B5EC0BE-F8DF-41AE-A869-6FFB94F7469C}.Release|Any CPU.ActiveCfg = Release|Any CPU
		{2B5EC0BE-F8DF-41AE-A869-6FFB94F7469C}.Release|Any CPU.Build.0 = Release|Any CPU
	EndGlobalSection
	GlobalSection(SolutionProperties) = preSolution
		HideSolutionNode = FALSE
	EndGlobalSection
	GlobalSection(ExtensibilityGlobals) = postSolution
		SolutionGuid = {67E19CCF-5B37-4CDD-BB28-C4493E33C822}
	EndGlobalSection
EndGlobal
